
Microsoft Visual Studio Solution File, Format Version 12.00
# Visual Studio 15
VisualStudioVersion = 15.0.27004.2002
MinimumVisualStudioVersion = 10.0.40219.1
Project("{9A19103F-16F7-4668-BE54-9A1E7A4F7556}") = "InitialEnterprise.Infrastructure", "InitialEnterprise.Infrastructure\InitialEnterprise.Infrastructure.csproj", "{A005E995-5585-40F4-AC9E-61F3BD62ECFF}"
EndProject
Project("{9A19103F-16F7-4668-BE54-9A1E7A4F7556}") = "InitialEnterprise.Domain.MainBoundedContext", "InitialEnterprise.Domain.MainBoundedContext\InitialEnterprise.Domain.MainBoundedContext.csproj", "{1061EA73-B7DF-42E9-9A85-5A446D0FF4BF}"
EndProject
Project("{9A19103F-16F7-4668-BE54-9A1E7A4F7556}") = "InitialEnterprise.Domain.PaymentBoundedContext", "InitialEnterprise.Domain.PaymentBoundedContext\InitialEnterprise.Domain.PaymentBoundedContext.csproj", "{52B16E7F-0512-4B0E-A767-7BF6590439B6}"
EndProject
Project("{9A19103F-16F7-4668-BE54-9A1E7A4F7556}") = "InitialEnterprise.Domain.Infrastructure.Tests", "InitialEnterprise.Domain.Infrastructure.Tests\InitialEnterprise.Domain.Infrastructure.Tests.csproj", "{4CD4DF49-0896-44F2-B8DF-79E484FA49B9}"
EndProject
Project("{9A19103F-16F7-4668-BE54-9A1E7A4F7556}") = "InitialEnterprise.Infrastructure.Tests", "InitialEnterprise.Infrastructure.Tests\InitialEnterprise.Infrastructure.Tests.csproj", "{12A1E287-5F47-4E77-9F7B-4CFB2301249D}"
EndProject
Project("{9A19103F-16F7-4668-BE54-9A1E7A4F7556}") = "InitialEnterprise.Domain.MainBoundedContext.Tests", "InitialEnterprise.Domain.MainBoundedContext.Tests\InitialEnterprise.Domain.MainBoundedContext.Tests.csproj", "{7A50D607-3EB4-46B5-93C8-7BD08E527244}"
EndProject
Project("{9A19103F-16F7-4668-BE54-9A1E7A4F7556}") = "InitialEnterprise.Domain.PaymentBoundedContext.Tests", "InitialEnterprise.Domain.PaymentBoundedContext.Tests\InitialEnterprise.Domain.PaymentBoundedContext.Tests.csproj", "{02E9272F-0CA7-4218-A1B5-E14C0F0B2EE5}"
EndProject
Project("{9A19103F-16F7-4668-BE54-9A1E7A4F7556}") = "InitialEnterprise.Infrastructure.Crosscutting", "InitialEnterprise.Infrastructure.Crosscutting\InitialEnterprise.Infrastructure.Crosscutting.csproj", "{F5222FC8-E5EF-45E8-B09D-4C166F7F1FDE}"
EndProject
Project("{9A19103F-16F7-4668-BE54-9A1E7A4F7556}") = "InitialEnterprise.Domain.MainBoundedContext.Api", "InitialEnterprise.Domain.MainBoundedContext.Api\InitialEnterprise.Domain.MainBoundedContext.Api.csproj", "{8F5B1C5C-7EE6-4AE2-A3CF-55310BF635A8}"
EndProject
Project("{9A19103F-16F7-4668-BE54-9A1E7A4F7556}") = "InitialEnterprise.Domain.PaymentBoundedContext.Api", "InitialEnterprise.Domain.PaymentBoundedContext.Api\InitialEnterprise.Domain.PaymentBoundedContext.Api.csproj", "{B3F403D5-546F-47F5-B552-69B0A4A6935D}"
EndProject
Project("{9A19103F-16F7-4668-BE54-9A1E7A4F7556}") = "InitialEnterprise.Domain.MainBoundedContext.Api.Tests", "InitialEnterprise.Domain.MainBoundedContext.Api.Tests\InitialEnterprise.Domain.MainBoundedContext.Api.Tests.csproj", "{6CE0D2CD-1BD4-44D1-9232-A46CADFB1AB7}"
EndProject
Project("{9A19103F-16F7-4668-BE54-9A1E7A4F7556}") = "InitialEnterprise.Domain.PaymentBoundedContext.Api.Tests", "InitialEnterprise.Domain.PaymentBoundedContext.Api.Tests\InitialEnterprise.Domain.PaymentBoundedContext.Api.Tests.csproj", "{6EA8F7F1-93BA-43E0-8AA4-658E58048E47}"
EndProject
Project("{9A19103F-16F7-4668-BE54-9A1E7A4F7556}") = "InitialEnterprise.Testfixture", "InitialEnterprise.Testfixture\InitialEnterprise.Testfixture.csproj", "{0F9D5D46-D753-4522-BA3C-395D471786AE}"
EndProject
Project("{2150E333-8FDC-42A3-9474-1A3956D46DE8}") = "MainBoundedContext", "MainBoundedContext", "{4C019300-11DA-40BF-A87E-8F69FC50CBDF}"
EndProject
Project("{2150E333-8FDC-42A3-9474-1A3956D46DE8}") = "PaymentBoundedContext", "PaymentBoundedContext", "{618FA93F-FF55-46D1-AC9B-811F8F859122}"
EndProject
Project("{2150E333-8FDC-42A3-9474-1A3956D46DE8}") = "Infrastructure", "Infrastructure", "{DA8F761D-9568-4FBE-BCC6-1C3824BDFCAC}"
EndProject
Project("{2150E333-8FDC-42A3-9474-1A3956D46DE8}") = "TDDInfrastructure", "TDDInfrastructure", "{FEED2EF5-618E-491D-9768-153C7718913D}"
EndProject
Project("{9A19103F-16F7-4668-BE54-9A1E7A4F7556}") = "InitialEnterprise.TestDataSeeding", "InitialEnterprise.TestDataSeeding\InitialEnterprise.TestDataSeeding.csproj", "{4B2BCD38-874D-4C88-9DEC-E78473565E08}"
EndProject
Global
	GlobalSection(SolutionConfigurationPlatforms) = preSolution
		Debug|Any CPU = Debug|Any CPU
		Release|Any CPU = Release|Any CPU
	EndGlobalSection
	GlobalSection(ProjectConfigurationPlatforms) = postSolution
		{A005E995-5585-40F4-AC9E-61F3BD62ECFF}.Debug|Any CPU.ActiveCfg = Debug|Any CPU
		{A005E995-5585-40F4-AC9E-61F3BD62ECFF}.Debug|Any CPU.Build.0 = Debug|Any CPU
		{A005E995-5585-40F4-AC9E-61F3BD62ECFF}.Release|Any CPU.ActiveCfg = Release|Any CPU
		{A005E995-5585-40F4-AC9E-61F3BD62ECFF}.Release|Any CPU.Build.0 = Release|Any CPU
		{1061EA73-B7DF-42E9-9A85-5A446D0FF4BF}.Debug|Any CPU.ActiveCfg = Debug|Any CPU
		{1061EA73-B7DF-42E9-9A85-5A446D0FF4BF}.Debug|Any CPU.Build.0 = Debug|Any CPU
		{1061EA73-B7DF-42E9-9A85-5A446D0FF4BF}.Release|Any CPU.ActiveCfg = Release|Any CPU
		{1061EA73-B7DF-42E9-9A85-5A446D0FF4BF}.Release|Any CPU.Build.0 = Release|Any CPU
		{52B16E7F-0512-4B0E-A767-7BF6590439B6}.Debug|Any CPU.ActiveCfg = Debug|Any CPU
		{52B16E7F-0512-4B0E-A767-7BF6590439B6}.Debug|Any CPU.Build.0 = Debug|Any CPU
		{52B16E7F-0512-4B0E-A767-7BF6590439B6}.Release|Any CPU.ActiveCfg = Release|Any CPU
		{52B16E7F-0512-4B0E-A767-7BF6590439B6}.Release|Any CPU.Build.0 = Release|Any CPU
		{4CD4DF49-0896-44F2-B8DF-79E484FA49B9}.Debug|Any CPU.ActiveCfg = Debug|Any CPU
		{4CD4DF49-0896-44F2-B8DF-79E484FA49B9}.Debug|Any CPU.Build.0 = Debug|Any CPU
		{4CD4DF49-0896-44F2-B8DF-79E484FA49B9}.Release|Any CPU.ActiveCfg = Release|Any CPU
		{4CD4DF49-0896-44F2-B8DF-79E484FA49B9}.Release|Any CPU.Build.0 = Release|Any CPU
		{12A1E287-5F47-4E77-9F7B-4CFB2301249D}.Debug|Any CPU.ActiveCfg = Debug|Any CPU
		{12A1E287-5F47-4E77-9F7B-4CFB2301249D}.Debug|Any CPU.Build.0 = Debug|Any CPU
		{12A1E287-5F47-4E77-9F7B-4CFB2301249D}.Release|Any CPU.ActiveCfg = Release|Any CPU
		{12A1E287-5F47-4E77-9F7B-4CFB2301249D}.Release|Any CPU.Build.0 = Release|Any CPU
		{7A50D607-3EB4-46B5-93C8-7BD08E527244}.Debug|Any CPU.ActiveCfg = Debug|Any CPU
		{7A50D607-3EB4-46B5-93C8-7BD08E527244}.Debug|Any CPU.Build.0 = Debug|Any CPU
		{7A50D607-3EB4-46B5-93C8-7BD08E527244}.Release|Any CPU.ActiveCfg = Release|Any CPU
		{7A50D607-3EB4-46B5-93C8-7BD08E527244}.Release|Any CPU.Build.0 = Release|Any CPU
		{02E9272F-0CA7-4218-A1B5-E14C0F0B2EE5}.Debug|Any CPU.ActiveCfg = Debug|Any CPU
		{02E9272F-0CA7-4218-A1B5-E14C0F0B2EE5}.Debug|Any CPU.Build.0 = Debug|Any CPU
		{02E9272F-0CA7-4218-A1B5-E14C0F0B2EE5}.Release|Any CPU.ActiveCfg = Release|Any CPU
		{02E9272F-0CA7-4218-A1B5-E14C0F0B2EE5}.Release|Any CPU.Build.0 = Release|Any CPU
		{F5222FC8-E5EF-45E8-B09D-4C166F7F1FDE}.Debug|Any CPU.ActiveCfg = Debug|Any CPU
		{F5222FC8-E5EF-45E8-B09D-4C166F7F1FDE}.Debug|Any CPU.Build.0 = Debug|Any CPU
		{F5222FC8-E5EF-45E8-B09D-4C166F7F1FDE}.Release|Any CPU.ActiveCfg = Release|Any CPU
		{F5222FC8-E5EF-45E8-B09D-4C166F7F1FDE}.Release|Any CPU.Build.0 = Release|Any CPU
		{8F5B1C5C-7EE6-4AE2-A3CF-55310BF635A8}.Debug|Any CPU.ActiveCfg = Debug|Any CPU
		{8F5B1C5C-7EE6-4AE2-A3CF-55310BF635A8}.Debug|Any CPU.Build.0 = Debug|Any CPU
		{8F5B1C5C-7EE6-4AE2-A3CF-55310BF635A8}.Release|Any CPU.ActiveCfg = Release|Any CPU
		{8F5B1C5C-7EE6-4AE2-A3CF-55310BF635A8}.Release|Any CPU.Build.0 = Release|Any CPU
		{B3F403D5-546F-47F5-B552-69B0A4A6935D}.Debug|Any CPU.ActiveCfg = Debug|Any CPU
		{B3F403D5-546F-47F5-B552-69B0A4A6935D}.Debug|Any CPU.Build.0 = Debug|Any CPU
		{B3F403D5-546F-47F5-B552-69B0A4A6935D}.Release|Any CPU.ActiveCfg = Release|Any CPU
		{B3F403D5-546F-47F5-B552-69B0A4A6935D}.Release|Any CPU.Build.0 = Release|Any CPU
		{6CE0D2CD-1BD4-44D1-9232-A46CADFB1AB7}.Debug|Any CPU.ActiveCfg = Debug|Any CPU
		{6CE0D2CD-1BD4-44D1-9232-A46CADFB1AB7}.Debug|Any CPU.Build.0 = Debug|Any CPU
		{6CE0D2CD-1BD4-44D1-9232-A46CADFB1AB7}.Release|Any CPU.ActiveCfg = Release|Any CPU
		{6CE0D2CD-1BD4-44D1-9232-A46CADFB1AB7}.Release|Any CPU.Build.0 = Release|Any CPU
		{6EA8F7F1-93BA-43E0-8AA4-658E58048E47}.Debug|Any CPU.ActiveCfg = Debug|Any CPU
		{6EA8F7F1-93BA-43E0-8AA4-658E58048E47}.Debug|Any CPU.Build.0 = Debug|Any CPU
		{6EA8F7F1-93BA-43E0-8AA4-658E58048E47}.Release|Any CPU.ActiveCfg = Release|Any CPU
		{6EA8F7F1-93BA-43E0-8AA4-658E58048E47}.Release|Any CPU.Build.0 = Release|Any CPU
		{0F9D5D46-D753-4522-BA3C-395D471786AE}.Debug|Any CPU.ActiveCfg = Debug|Any CPU
		{0F9D5D46-D753-4522-BA3C-395D471786AE}.Debug|Any CPU.Build.0 = Debug|Any CPU
		{0F9D5D46-D753-4522-BA3C-395D471786AE}.Release|Any CPU.ActiveCfg = Release|Any CPU
		{0F9D5D46-D753-4522-BA3C-395D471786AE}.Release|Any CPU.Build.0 = Release|Any CPU
		{4B2BCD38-874D-4C88-9DEC-E78473565E08}.Debug|Any CPU.ActiveCfg = Debug|Any CPU
		{4B2BCD38-874D-4C88-9DEC-E78473565E08}.Debug|Any CPU.Build.0 = Debug|Any CPU
		{4B2BCD38-874D-4C88-9DEC-E78473565E08}.Release|Any CPU.ActiveCfg = Release|Any CPU
		{4B2BCD38-874D-4C88-9DEC-E78473565E08}.Release|Any CPU.Build.0 = Release|Any CPU
	EndGlobalSection
	GlobalSection(SolutionProperties) = preSolution
		HideSolutionNode = FALSE
	EndGlobalSection
	GlobalSection(NestedProjects) = preSolution
		{A005E995-5585-40F4-AC9E-61F3BD62ECFF} = {DA8F761D-9568-4FBE-BCC6-1C3824BDFCAC}
		{1061EA73-B7DF-42E9-9A85-5A446D0FF4BF} = {4C019300-11DA-40BF-A87E-8F69FC50CBDF}
		{52B16E7F-0512-4B0E-A767-7BF6590439B6} = {618FA93F-FF55-46D1-AC9B-811F8F859122}
		{4CD4DF49-0896-44F2-B8DF-79E484FA49B9} = {DA8F761D-9568-4FBE-BCC6-1C3824BDFCAC}
		{12A1E287-5F47-4E77-9F7B-4CFB2301249D} = {DA8F761D-9568-4FBE-BCC6-1C3824BDFCAC}
		{7A50D607-3EB4-46B5-93C8-7BD08E527244} = {4C019300-11DA-40BF-A87E-8F69FC50CBDF}
		{02E9272F-0CA7-4218-A1B5-E14C0F0B2EE5} = {618FA93F-FF55-46D1-AC9B-811F8F859122}
		{F5222FC8-E5EF-45E8-B09D-4C166F7F1FDE} = {DA8F761D-9568-4FBE-BCC6-1C3824BDFCAC}
		{8F5B1C5C-7EE6-4AE2-A3CF-55310BF635A8} = {4C019300-11DA-40BF-A87E-8F69FC50CBDF}
		{B3F403D5-546F-47F5-B552-69B0A4A6935D} = {618FA93F-FF55-46D1-AC9B-811F8F859122}
		{6CE0D2CD-1BD4-44D1-9232-A46CADFB1AB7} = {4C019300-11DA-40BF-A87E-8F69FC50CBDF}
		{6EA8F7F1-93BA-43E0-8AA4-658E58048E47} = {618FA93F-FF55-46D1-AC9B-811F8F859122}
		{0F9D5D46-D753-4522-BA3C-395D471786AE} = {FEED2EF5-618E-491D-9768-153C7718913D}
		{4B2BCD38-874D-4C88-9DEC-E78473565E08} = {FEED2EF5-618E-491D-9768-153C7718913D}
	EndGlobalSection
	GlobalSection(ExtensibilityGlobals) = postSolution
		SolutionGuid = {4C0DED3C-1764-4F07-9111-DBE42634690D}
	EndGlobalSection
EndGlobal
