
Microsoft Visual Studio Solution File, Format Version 12.00
# Visual Studio 15
VisualStudioVersion = 15.0.28010.2026
MinimumVisualStudioVersion = 10.0.40219.1
Project("{9A19103F-16F7-4668-BE54-9A1E7A4F7556}") = "React.Frontend", "React.Frontend.csproj", "{8B9F0FCD-1126-4464-9A5C-FD06DC51815A}"
EndProject
Global
	GlobalSection(SolutionConfigurationPlatforms) = preSolution
		Debug|Any CPU = Debug|Any CPU
		Release|Any CPU = Release|Any CPU
	EndGlobalSection
	GlobalSection(ProjectConfigurationPlatforms) = postSolution
		{8B9F0FCD-1126-4464-9A5C-FD06DC51815A}.Debug|Any CPU.ActiveCfg = Debug|Any CPU
		{8B9F0FCD-1126-4464-9A5C-FD06DC51815A}.Debug|Any CPU.Build.0 = Debug|Any CPU
		{8B9F0FCD-1126-4464-9A5C-FD06DC51815A}.Release|Any CPU.ActiveCfg = Release|Any CPU
		{8B9F0FCD-1126-4464-9A5C-FD06DC51815A}.Release|Any CPU.Build.0 = Release|Any CPU
	EndGlobalSection
	GlobalSection(SolutionProperties) = preSolution
		HideSolutionNode = FALSE
	EndGlobalSection
	GlobalSection(ExtensibilityGlobals) = postSolution
		SolutionGuid = {979E52DF-C07A-4E80-A841-E1407A0C2F77}
	EndGlobalSection
EndGlobal
