
Microsoft Visual Studio Solution File, Format Version 12.00
# Visual Studio Version 16
VisualStudioVersion = 16.0.29409.12
MinimumVisualStudioVersion = 10.0.40219.1
Project("{E24C65DC-7377-472B-9ABA-BC803B73C61A}") = "InitialEnterprise.AngularFrontend", "InitialEnterprise.AngularFrontend\", "{D144E543-4DAA-4EC1-9A6B-35BE842BE259}"
	ProjectSection(WebsiteProperties) = preProject
		TargetFrameworkMoniker = ".NETFramework,Version%3Dv4.0"
		Debug.AspNetCompiler.VirtualPath = "/localhost_50451"
		Debug.AspNetCompiler.PhysicalPath = "InitialEnterprise.AngularFrontend\"
		Debug.AspNetCompiler.TargetPath = "PrecompiledWeb\localhost_50451\"
		Debug.AspNetCompiler.Updateable = "true"
		Debug.AspNetCompiler.ForceOverwrite = "true"
		Debug.AspNetCompiler.FixedNames = "false"
		Debug.AspNetCompiler.Debug = "True"
		Release.AspNetCompiler.VirtualPath = "/localhost_50451"
		Release.AspNetCompiler.PhysicalPath = "InitialEnterprise.AngularFrontend\"
		Release.AspNetCompiler.TargetPath = "PrecompiledWeb\localhost_50451\"
		Release.AspNetCompiler.Updateable = "true"
		Release.AspNetCompiler.ForceOverwrite = "true"
		Release.AspNetCompiler.FixedNames = "false"
		Release.AspNetCompiler.Debug = "False"
		VWDPort = "50451"
		SlnRelativePath = "InitialEnterprise.AngularFrontend\"
	EndProjectSection
EndProject
Project("{9A19103F-16F7-4668-BE54-9A1E7A4F7556}") = "InitialEnterprise.ReactFrontend", "InitialEnterprise.ReactFrontend\InitialEnterprise.ReactFrontend.csproj", "{47BACA4C-AFA8-40BE-A800-F92EC9670767}"
EndProject
Project("{9A19103F-16F7-4668-BE54-9A1E7A4F7556}") = "InitialEnterprise.Shared", "..\..\Shared\InitialEnterprise.Shared\InitialEnterprise.Shared.csproj", "{D06F5D18-732B-4A23-90F2-D3FF98B31C8C}"
EndProject
Project("{9A19103F-16F7-4668-BE54-9A1E7A4F7556}") = "InitialEnterprise.Blazor.Frontend", "InitialEnterprise.Blazor.Frontend\InitialEnterprise.Blazor.Frontend.csproj", "{FEB90705-3DAA-411D-B7E8-966E0B518B80}"
EndProject
Global
	GlobalSection(SolutionConfigurationPlatforms) = preSolution
		Debug|Any CPU = Debug|Any CPU
		Release|Any CPU = Release|Any CPU
	EndGlobalSection
	GlobalSection(ProjectConfigurationPlatforms) = postSolution
		{D144E543-4DAA-4EC1-9A6B-35BE842BE259}.Debug|Any CPU.ActiveCfg = Debug|Any CPU
		{D144E543-4DAA-4EC1-9A6B-35BE842BE259}.Debug|Any CPU.Build.0 = Debug|Any CPU
		{D144E543-4DAA-4EC1-9A6B-35BE842BE259}.Release|Any CPU.ActiveCfg = Debug|Any CPU
		{D144E543-4DAA-4EC1-9A6B-35BE842BE259}.Release|Any CPU.Build.0 = Debug|Any CPU
		{47BACA4C-AFA8-40BE-A800-F92EC9670767}.Debug|Any CPU.ActiveCfg = Debug|Any CPU
		{47BACA4C-AFA8-40BE-A800-F92EC9670767}.Debug|Any CPU.Build.0 = Debug|Any CPU
		{47BACA4C-AFA8-40BE-A800-F92EC9670767}.Release|Any CPU.ActiveCfg = Release|Any CPU
		{47BACA4C-AFA8-40BE-A800-F92EC9670767}.Release|Any CPU.Build.0 = Release|Any CPU
		{D06F5D18-732B-4A23-90F2-D3FF98B31C8C}.Debug|Any CPU.ActiveCfg = Debug|Any CPU
		{D06F5D18-732B-4A23-90F2-D3FF98B31C8C}.Debug|Any CPU.Build.0 = Debug|Any CPU
		{D06F5D18-732B-4A23-90F2-D3FF98B31C8C}.Release|Any CPU.ActiveCfg = Release|Any CPU
		{D06F5D18-732B-4A23-90F2-D3FF98B31C8C}.Release|Any CPU.Build.0 = Release|Any CPU
		{FEB90705-3DAA-411D-B7E8-966E0B518B80}.Debug|Any CPU.ActiveCfg = Debug|Any CPU
		{FEB90705-3DAA-411D-B7E8-966E0B518B80}.Debug|Any CPU.Build.0 = Debug|Any CPU
		{FEB90705-3DAA-411D-B7E8-966E0B518B80}.Release|Any CPU.ActiveCfg = Release|Any CPU
		{FEB90705-3DAA-411D-B7E8-966E0B518B80}.Release|Any CPU.Build.0 = Release|Any CPU
	EndGlobalSection
	GlobalSection(SolutionProperties) = preSolution
		HideSolutionNode = FALSE
	EndGlobalSection
	GlobalSection(ExtensibilityGlobals) = postSolution
		SolutionGuid = {F4DCA719-69C6-48CA-A7C0-C02929D03A08}
	EndGlobalSection
EndGlobal
