
Microsoft Visual Studio Solution File, Format Version 12.00
# Visual Studio Version 16
VisualStudioVersion = 16.0.28531.58
MinimumVisualStudioVersion = 10.0.40219.1
Project("{9A19103F-16F7-4668-BE54-9A1E7A4F7556}") = "React.Frontend", "InitialEnterprise.ReactFrontend\React.Frontend.csproj", "{997B9D8D-724C-4E01-8FAE-28D223CDD55C}"
EndProject
Project("{9A19103F-16F7-4668-BE54-9A1E7A4F7556}") = "Blazor.Frontend", "InitialEnterprise.BlazorFrontend\Blazor.Frontend\Blazor.Frontend.csproj", "{39D954C1-B4FF-46A0-B8EE-9EBAD9B2EE26}"
EndProject
Project("{9A19103F-16F7-4668-BE54-9A1E7A4F7556}") = "Angular.Frontend", "InitialEnterprise.AngularFrontend\Angular.Frontend.csproj", "{16B6CF32-095F-454E-8D6B-C7FDF1A9A2A5}"
EndProject
Global
	GlobalSection(SolutionConfigurationPlatforms) = preSolution
		Debug|Any CPU = Debug|Any CPU
		Release|Any CPU = Release|Any CPU
	EndGlobalSection
	GlobalSection(ProjectConfigurationPlatforms) = postSolution
		{997B9D8D-724C-4E01-8FAE-28D223CDD55C}.Debug|Any CPU.ActiveCfg = Debug|Any CPU
		{997B9D8D-724C-4E01-8FAE-28D223CDD55C}.Debug|Any CPU.Build.0 = Debug|Any CPU
		{997B9D8D-724C-4E01-8FAE-28D223CDD55C}.Release|Any CPU.ActiveCfg = Release|Any CPU
		{997B9D8D-724C-4E01-8FAE-28D223CDD55C}.Release|Any CPU.Build.0 = Release|Any CPU
		{39D954C1-B4FF-46A0-B8EE-9EBAD9B2EE26}.Debug|Any CPU.ActiveCfg = Debug|Any CPU
		{39D954C1-B4FF-46A0-B8EE-9EBAD9B2EE26}.Debug|Any CPU.Build.0 = Debug|Any CPU
		{39D954C1-B4FF-46A0-B8EE-9EBAD9B2EE26}.Release|Any CPU.ActiveCfg = Release|Any CPU
		{39D954C1-B4FF-46A0-B8EE-9EBAD9B2EE26}.Release|Any CPU.Build.0 = Release|Any CPU
		{16B6CF32-095F-454E-8D6B-C7FDF1A9A2A5}.Debug|Any CPU.ActiveCfg = Debug|Any CPU
		{16B6CF32-095F-454E-8D6B-C7FDF1A9A2A5}.Debug|Any CPU.Build.0 = Debug|Any CPU
		{16B6CF32-095F-454E-8D6B-C7FDF1A9A2A5}.Release|Any CPU.ActiveCfg = Release|Any CPU
		{16B6CF32-095F-454E-8D6B-C7FDF1A9A2A5}.Release|Any CPU.Build.0 = Release|Any CPU
	EndGlobalSection
	GlobalSection(SolutionProperties) = preSolution
		HideSolutionNode = FALSE
	EndGlobalSection
	GlobalSection(ExtensibilityGlobals) = postSolution
		SolutionGuid = {F4DCA719-69C6-48CA-A7C0-C02929D03A08}
	EndGlobalSection
EndGlobal
